<?xml version="1.0" encoding="utf-8"?>
<Project ToolsVersion="4.0" xmlns="http://schemas.microsoft.com/developer/msbuild/2003">
  <ItemGroup>
    <FxCompile Include="Shaders\GeoPS.hlsl">
      <Filter>Shaders</Filter>
    </FxCompile>
    <FxCompile Include="Shaders\GeoVS.hlsl">
      <Filter>Shaders</Filter>
    </FxCompile>
    <FxCompile Include="Shaders\LightPS.hlsl">
      <Filter>Shaders</Filter>
    </FxCompile>
    <FxCompile Include="Shaders\LightVS.hlsl">
      <Filter>Shaders</Filter>
    </FxCompile>
    <FxCompile Include="Shaders\DefaultVS.hlsl">
      <Filter>Shaders</Filter>
    </FxCompile>
    <FxCompile Include="Shaders\DefaultPS.hlsl">
      <Filter>Shaders</Filter>
    </FxCompile>
  </ItemGroup>
  <ItemGroup>
    <ClCompile Include="Deferred.cpp">
      <Filter>Source Files</Filter>
    </ClCompile>
    <ClCompile Include="dllmain.cpp">
      <Filter>Source Files</Filter>
    </ClCompile>
    <ClCompile Include="example.cpp">
      <Filter>Source Files</Filter>
    </ClCompile>
    <ClCompile Include="ShaderHandler.cpp">
      <Filter>Source Files</Filter>
    </ClCompile>
    <ClCompile Include="DirectX.cpp" />
    <ClCompile Include="RenderModule.cpp" />
    <ClCompile Include="Fonts.cpp" />
  </ItemGroup>
  <ItemGroup>
    <ClInclude Include="stdafx.h" />
    <ClInclude Include="targetver.h" />
    <ClInclude Include="ShaderHandler.h">
      <Filter>Source Files</Filter>
    </ClInclude>
    <ClInclude Include="Deferred.h">
      <Filter>Source Files</Filter>
    </ClInclude>
    <ClInclude Include="DirectX.h">
      <Filter>Source Files</Filter>
    </ClInclude>
    <ClInclude Include="example.h">
      <Filter>Source Files</Filter>
    </ClInclude>
    <ClInclude Include="RenderModule.h">
      <Filter>Source Files</Filter>
    </ClInclude>
    <ClInclude Include="Fonts.h" />
    <ClInclude Include="CFontEnum.h" />
    <ClInclude Include="CCollectionLoader.h" />
    <ClInclude Include="FW\FW1FontWrapper.h" />
  </ItemGroup>
  <ItemGroup>
    <Filter Include="Fonts">
      <UniqueIdentifier>{63fc133c-c75c-43be-af80-fee470db502a}</UniqueIdentifier>
    </Filter>
    <Filter Include="Shaders">
      <UniqueIdentifier>{64c7bcfe-1ffc-4567-a3cb-014296baa7d3}</UniqueIdentifier>
    </Filter>
    <Filter Include="Source Files">
      <UniqueIdentifier>{fc3d02d2-1d00-4cf8-81be-544b84541c6d}</UniqueIdentifier>
    </Filter>
  </ItemGroup>
  <ItemGroup>
    <Library Include="FW\x86\FW1FontWrapper.lib" />
  </ItemGroup>
</Project>