
Microsoft Visual Studio Solution File, Format Version 12.00
# Visual Studio 14
VisualStudioVersion = 14.0.23107.0
MinimumVisualStudioVersion = 10.0.40219.1
Project("{8BC9CEB8-8B4A-11D0-8D11-00A0C91BC942}") = "StortSpelprojekt", "StortSpelprojekt\StortSpelprojekt.vcxproj", "{EC1FCE9E-9382-463B-A119-666180E146D6}"
	ProjectSection(ProjectDependencies) = postProject
		{AF2FA019-4CD5-41E4-BD38-AB00E366C9A1} = {AF2FA019-4CD5-41E4-BD38-AB00E366C9A1}
		{1A48944A-4D63-4549-9560-D04BF1393FF2} = {1A48944A-4D63-4549-9560-D04BF1393FF2}
		{421E96A2-EE6C-4A2B-BE4D-FD57303E7497} = {421E96A2-EE6C-4A2B-BE4D-FD57303E7497}
	EndProjectSection
EndProject
Project("{8BC9CEB8-8B4A-11D0-8D11-00A0C91BC942}") = "System", "System\System.vcxproj", "{1A48944A-4D63-4549-9560-D04BF1393FF2}"
EndProject
Project("{8BC9CEB8-8B4A-11D0-8D11-00A0C91BC942}") = "Renderer", "Renderer\Renderer.vcxproj", "{AF2FA019-4CD5-41E4-BD38-AB00E366C9A1}"
EndProject
Project("{8BC9CEB8-8B4A-11D0-8D11-00A0C91BC942}") = "AI", "AI\AI.vcxproj", "{421E96A2-EE6C-4A2B-BE4D-FD57303E7497}"
EndProject
Project("{8BC9CEB8-8B4A-11D0-8D11-00A0C91BC942}") = "AssetManager", "AssetManager\AssetManager.vcxproj", "{12D08945-3BE4-48F7-86C9-093AB5610DFB}"
	ProjectSection(ProjectDependencies) = postProject
		{AF2FA019-4CD5-41E4-BD38-AB00E366C9A1} = {AF2FA019-4CD5-41E4-BD38-AB00E366C9A1}
	EndProjectSection
EndProject
Global
	GlobalSection(SolutionConfigurationPlatforms) = preSolution
		Debug|x64 = Debug|x64
		Debug|x86 = Debug|x86
		Release|x64 = Release|x64
		Release|x86 = Release|x86
	EndGlobalSection
	GlobalSection(ProjectConfigurationPlatforms) = postSolution
		{EC1FCE9E-9382-463B-A119-666180E146D6}.Debug|x64.ActiveCfg = Debug|x64
		{EC1FCE9E-9382-463B-A119-666180E146D6}.Debug|x64.Build.0 = Debug|x64
		{EC1FCE9E-9382-463B-A119-666180E146D6}.Debug|x86.ActiveCfg = Debug|Win32
		{EC1FCE9E-9382-463B-A119-666180E146D6}.Debug|x86.Build.0 = Debug|Win32
		{EC1FCE9E-9382-463B-A119-666180E146D6}.Release|x64.ActiveCfg = Release|x64
		{EC1FCE9E-9382-463B-A119-666180E146D6}.Release|x64.Build.0 = Release|x64
		{EC1FCE9E-9382-463B-A119-666180E146D6}.Release|x86.ActiveCfg = Release|Win32
		{EC1FCE9E-9382-463B-A119-666180E146D6}.Release|x86.Build.0 = Release|Win32
		{1A48944A-4D63-4549-9560-D04BF1393FF2}.Debug|x64.ActiveCfg = Debug|x64
		{1A48944A-4D63-4549-9560-D04BF1393FF2}.Debug|x64.Build.0 = Debug|x64
		{1A48944A-4D63-4549-9560-D04BF1393FF2}.Debug|x86.ActiveCfg = Debug|Win32
		{1A48944A-4D63-4549-9560-D04BF1393FF2}.Debug|x86.Build.0 = Debug|Win32
		{1A48944A-4D63-4549-9560-D04BF1393FF2}.Release|x64.ActiveCfg = Release|x64
		{1A48944A-4D63-4549-9560-D04BF1393FF2}.Release|x64.Build.0 = Release|x64
		{1A48944A-4D63-4549-9560-D04BF1393FF2}.Release|x86.ActiveCfg = Release|Win32
		{1A48944A-4D63-4549-9560-D04BF1393FF2}.Release|x86.Build.0 = Release|Win32
		{AF2FA019-4CD5-41E4-BD38-AB00E366C9A1}.Debug|x64.ActiveCfg = Debug|x64
		{AF2FA019-4CD5-41E4-BD38-AB00E366C9A1}.Debug|x64.Build.0 = Debug|x64
		{AF2FA019-4CD5-41E4-BD38-AB00E366C9A1}.Debug|x86.ActiveCfg = Debug|Win32
		{AF2FA019-4CD5-41E4-BD38-AB00E366C9A1}.Debug|x86.Build.0 = Debug|Win32
		{AF2FA019-4CD5-41E4-BD38-AB00E366C9A1}.Release|x64.ActiveCfg = Release|x64
		{AF2FA019-4CD5-41E4-BD38-AB00E366C9A1}.Release|x64.Build.0 = Release|x64
		{AF2FA019-4CD5-41E4-BD38-AB00E366C9A1}.Release|x86.ActiveCfg = Release|Win32
		{AF2FA019-4CD5-41E4-BD38-AB00E366C9A1}.Release|x86.Build.0 = Release|Win32
		{421E96A2-EE6C-4A2B-BE4D-FD57303E7497}.Debug|x64.ActiveCfg = Debug|x64
		{421E96A2-EE6C-4A2B-BE4D-FD57303E7497}.Debug|x64.Build.0 = Debug|x64
		{421E96A2-EE6C-4A2B-BE4D-FD57303E7497}.Debug|x86.ActiveCfg = Debug|Win32
		{421E96A2-EE6C-4A2B-BE4D-FD57303E7497}.Debug|x86.Build.0 = Debug|Win32
		{421E96A2-EE6C-4A2B-BE4D-FD57303E7497}.Release|x64.ActiveCfg = Release|x64
		{421E96A2-EE6C-4A2B-BE4D-FD57303E7497}.Release|x64.Build.0 = Release|x64
		{421E96A2-EE6C-4A2B-BE4D-FD57303E7497}.Release|x86.ActiveCfg = Release|Win32
		{421E96A2-EE6C-4A2B-BE4D-FD57303E7497}.Release|x86.Build.0 = Release|Win32
		{12D08945-3BE4-48F7-86C9-093AB5610DFB}.Debug|x64.ActiveCfg = Debug|x64
		{12D08945-3BE4-48F7-86C9-093AB5610DFB}.Debug|x64.Build.0 = Debug|x64
		{12D08945-3BE4-48F7-86C9-093AB5610DFB}.Debug|x86.ActiveCfg = Debug|Win32
		{12D08945-3BE4-48F7-86C9-093AB5610DFB}.Debug|x86.Build.0 = Debug|Win32
		{12D08945-3BE4-48F7-86C9-093AB5610DFB}.Release|x64.ActiveCfg = Release|x64
		{12D08945-3BE4-48F7-86C9-093AB5610DFB}.Release|x64.Build.0 = Release|x64
		{12D08945-3BE4-48F7-86C9-093AB5610DFB}.Release|x86.ActiveCfg = Release|Win32
		{12D08945-3BE4-48F7-86C9-093AB5610DFB}.Release|x86.Build.0 = Release|Win32
	EndGlobalSection
	GlobalSection(SolutionProperties) = preSolution
		HideSolutionNode = FALSE
	EndGlobalSection
EndGlobal
