<?xml version="1.0" encoding="utf-8"?>
<Project ToolsVersion="4.0" xmlns="http://schemas.microsoft.com/developer/msbuild/2003">
  <ItemGroup>
    <Filter Include="Source Files">
      <UniqueIdentifier>{4FC737F1-C7A5-4376-A066-2A32D752A2FF}</UniqueIdentifier>
      <Extensions>cpp;c;cc;cxx;def;odl;idl;hpj;bat;asm;asmx</Extensions>
    </Filter>
    <Filter Include="State Machine">
      <UniqueIdentifier>{e9f4f8e1-b7ff-4685-8914-ad8d7b557f8b}</UniqueIdentifier>
    </Filter>
    <Filter Include="Game objects">
      <UniqueIdentifier>{b078b56f-9a98-4aa6-94a2-044052c99393}</UniqueIdentifier>
    </Filter>
    <Filter Include="Components">
      <UniqueIdentifier>{8bd057cc-df94-4b59-b009-4a00943be2ef}</UniqueIdentifier>
    </Filter>
  </ItemGroup>
  <ItemGroup>
    <ClCompile Include="Game.cpp">
      <Filter>Source Files</Filter>
    </ClCompile>
    <ClCompile Include="main.cpp">
      <Filter>Source Files</Filter>
    </ClCompile>
    <ClCompile Include="Menu.cpp">
      <Filter>State Machine</Filter>
    </ClCompile>
    <ClCompile Include="Options.cpp">
      <Filter>State Machine</Filter>
    </ClCompile>
    <ClCompile Include="Scene.cpp">
      <Filter>State Machine</Filter>
    </ClCompile>
    <ClCompile Include="Splash.cpp">
      <Filter>State Machine</Filter>
    </ClCompile>
    <ClCompile Include="StateMachine.cpp">
      <Filter>State Machine</Filter>
    </ClCompile>
    <ClCompile Include="ObjectHandler.cpp">
      <Filter>Source Files</Filter>
    </ClCompile>
    <ClCompile Include="Tilemap.cpp">
      <Filter>Source Files</Filter>
    </ClCompile>
    <ClCompile Include="GameObject.cpp">
      <Filter>Game objects</Filter>
    </ClCompile>
    <ClCompile Include="Tile.cpp">
      <Filter>Game objects</Filter>
    </ClCompile>
    <ClCompile Include="Trap.cpp">
      <Filter>Game objects</Filter>
    </ClCompile>
    <ClCompile Include="Trigger.cpp">
      <Filter>Game objects</Filter>
    </ClCompile>
    <ClCompile Include="Unit.cpp">
      <Filter>Game objects</Filter>
    </ClCompile>
    <ClCompile Include="Component.cpp">
      <Filter>Components</Filter>
    </ClCompile>
    <ClCompile Include="DamageComponent.cpp">
      <Filter>Components</Filter>
    </ClCompile>
    <ClCompile Include="AnimationComponent.cpp">
      <Filter>Components</Filter>
    </ClCompile>
    <ClCompile Include="ComponentList.cpp">
      <Filter>Components</Filter>
    </ClCompile>
    <ClCompile Include="GameObjectComp.cpp">
      <Filter>Game objects</Filter>
    </ClCompile>
    <ClCompile Include="FOVComponent.cpp">
      <Filter>Components</Filter>
    </ClCompile>
  </ItemGroup>
  <ItemGroup>
    <ClInclude Include="Game.h">
      <Filter>Source Files</Filter>
    </ClInclude>
    <ClInclude Include="stdafx.h">
      <Filter>Source Files</Filter>
    </ClInclude>
    <ClInclude Include="Menu.h">
      <Filter>State Machine</Filter>
    </ClInclude>
    <ClInclude Include="Options.h">
      <Filter>State Machine</Filter>
    </ClInclude>
    <ClInclude Include="Scene.h">
      <Filter>State Machine</Filter>
    </ClInclude>
    <ClInclude Include="Splash.h">
      <Filter>State Machine</Filter>
    </ClInclude>
    <ClInclude Include="StateMachine.h">
      <Filter>State Machine</Filter>
    </ClInclude>
    <ClInclude Include="ObjectHandler.h">
      <Filter>Source Files</Filter>
    </ClInclude>
    <ClInclude Include="Tilemap.h">
      <Filter>Source Files</Filter>
    </ClInclude>
    <ClInclude Include="GameObject.h">
      <Filter>Game objects</Filter>
    </ClInclude>
    <ClInclude Include="Tile.h">
      <Filter>Game objects</Filter>
    </ClInclude>
    <ClInclude Include="Trap.h">
      <Filter>Game objects</Filter>
    </ClInclude>
    <ClInclude Include="Trigger.h">
      <Filter>Game objects</Filter>
    </ClInclude>
    <ClInclude Include="Unit.h">
      <Filter>Game objects</Filter>
    </ClInclude>
    <ClInclude Include="Component.h">
      <Filter>Components</Filter>
    </ClInclude>
    <ClInclude Include="DamageComponent.h">
      <Filter>Components</Filter>
    </ClInclude>
    <ClInclude Include="AnimationComponent.h">
      <Filter>Components</Filter>
    </ClInclude>
    <ClInclude Include="ComponentList.h">
      <Filter>Components</Filter>
    </ClInclude>
    <ClInclude Include="GameObjectComp.h">
      <Filter>Game objects</Filter>
    </ClInclude>
    <ClInclude Include="FOVComponent.h">
      <Filter>Components</Filter>
    </ClInclude>
  </ItemGroup>
</Project>